schema: '2.0'
stages:
  stage01:
    cmd: python stage01.py
    deps:
    - path: stage01.py
      hash: md5
      md5: eb1ff3500a9acbc8e8f1f2909921c7f7
      size: 95
    outs:
    - path: artifacts01.txt
      hash: md5
      md5: f31d36534d6d4741cf479fba2ecb7f46
      size: 26
  stage02:
    cmd: python stage02.py
    deps:
    - path: artifacts01.txt
      hash: md5
      md5: f31d36534d6d4741cf479fba2ecb7f46
      size: 26
    - path: stage02.py
      hash: md5
      md5: e253600d7cad13946ee4c5bca868803b
      size: 72
  stage03:
    cmd: python stage03.py
    deps:
    - path: artifacts01.txt
      hash: md5
      md5: f31d36534d6d4741cf479fba2ecb7f46
      size: 26
    - path: stage03.py
      hash: md5
      md5: 240064340f431fa2bbbce2c133064758
      size: 145
    outs:
    - path: artifacts02.txt
      hash: md5
      md5: c26c03036a49bebdb71841e7f37ebc54
      size: 43
